{
  "nodes": {
    "crane": {
      "locked": {
        "lastModified": 1741148495,
        "narHash": "sha256-EV8KUaIZ2/CdBXlutXrHoZYbWPeB65p5kKZk71gvDRI=",
        "owner": "ipetkov",
        "repo": "crane",
        "rev": "75390a36cd0c2cdd5f1aafd8a9f827d7107f2e53",
        "type": "github"
      },
      "original": {
        "owner": "ipetkov",
        "repo": "crane",
        "type": "github"
      }
    },
    "darwin": {
      "inputs": {
        "nixpkgs": [
          "nixpkgs"
        ]
      },
      "locked": {
        "lastModified": 1744478979,
        "narHash": "sha256-dyN+teG9G82G+m+PX/aSAagkC+vUv0SgUw3XkPhQodQ=",
        "owner": "lnl7",
        "repo": "nix-darwin",
        "rev": "43975d782b418ebf4969e9ccba82466728c2851b",
        "type": "github"
      },
      "original": {
        "owner": "lnl7",
        "repo": "nix-darwin",
        "type": "github"
      }
    },
    "doomemacs": {
      "flake": false,
      "locked": {
        "lastModified": 1744400981,
        "narHash": "sha256-8bBhEmytBSPksB04vhcx0XUTW0wES0A5RATcvluTveg=",
        "owner": "doomemacs",
        "repo": "doomemacs",
        "rev": "c6f749e67c13342007f6aeaa4a81e6fdb00f529f",
        "type": "github"
      },
      "original": {
        "owner": "doomemacs",
        "repo": "doomemacs",
        "type": "github"
      }
    },
    "emacs-overlay": {
      "inputs": {
        "nixpkgs": [
          "nix-doom-emacs-unstraightened"
        ],
        "nixpkgs-stable": [
          "nix-doom-emacs-unstraightened"
        ]
      },
      "locked": {
        "lastModified": 1744423916,
        "narHash": "sha256-udD/WucHNNKwkYLrlorAaf/kHIBHjgqnMyf8vf8i6Ug=",
        "owner": "nix-community",
        "repo": "emacs-overlay",
        "rev": "97d803e417dbf766b2ada1b7f971d6b45961d0a3",
        "type": "github"
      },
      "original": {
        "owner": "nix-community",
        "repo": "emacs-overlay",
        "type": "github"
      }
    },
    "flake-compat": {
      "flake": false,
      "locked": {
        "lastModified": 1733328505,
        "narHash": "sha256-NeCCThCEP3eCl2l/+27kNNK7QrwZB1IJCrXfrbv5oqU=",
        "owner": "edolstra",
        "repo": "flake-compat",
        "rev": "ff81ac966bb2cae68946d5ed5fc4994f96d0ffec",
        "type": "github"
      },
      "original": {
        "owner": "edolstra",
        "repo": "flake-compat",
        "type": "github"
      }
    },
    "flake-parts": {
      "inputs": {
        "nixpkgs-lib": [
          "lanzaboote",
          "nixpkgs"
        ]
      },
      "locked": {
        "lastModified": 1740872218,
        "narHash": "sha256-ZaMw0pdoUKigLpv9HiNDH2Pjnosg7NBYMJlHTIsHEUo=",
        "owner": "hercules-ci",
        "repo": "flake-parts",
        "rev": "3876f6b87db82f33775b1ef5ea343986105db764",
        "type": "github"
      },
      "original": {
        "owner": "hercules-ci",
        "repo": "flake-parts",
        "type": "github"
      }
    },
    "flake-utils": {
      "inputs": {
        "systems": "systems_2"
      },
      "locked": {
        "lastModified": 1694529238,
        "narHash": "sha256-zsNZZGTGnMOf9YpHKJqMSsa0dXbfmxeoJ7xHlrt+xmY=",
        "owner": "numtide",
        "repo": "flake-utils",
        "rev": "ff7b65b44d01cf9ba6a71320833626af21126384",
        "type": "github"
      },
      "original": {
        "owner": "numtide",
        "repo": "flake-utils",
        "type": "github"
      }
    },
    "gitignore": {
      "inputs": {
        "nixpkgs": [
          "lanzaboote",
          "pre-commit-hooks-nix",
          "nixpkgs"
        ]
      },
      "locked": {
        "lastModified": 1709087332,
        "narHash": "sha256-HG2cCnktfHsKV0s4XW83gU3F57gaTljL9KNSuG6bnQs=",
        "owner": "hercules-ci",
        "repo": "gitignore.nix",
        "rev": "637db329424fd7e46cf4185293b9cc8c88c95394",
        "type": "github"
      },
      "original": {
        "owner": "hercules-ci",
        "repo": "gitignore.nix",
        "type": "github"
      }
    },
    "home-manager": {
      "inputs": {
        "nixpkgs": [
          "nixpkgs"
        ]
      },
      "locked": {
        "lastModified": 1744498625,
        "narHash": "sha256-pL52uCt9CUoTTmysGG91c2FeU7XUvpB7Cep6yon2vDk=",
        "owner": "nix-community",
        "repo": "home-manager",
        "rev": "db56335ca8942d86f2200664acdbd5b9212b26ad",
        "type": "github"
      },
      "original": {
        "owner": "nix-community",
        "repo": "home-manager",
        "type": "github"
      }
    },
    "lanzaboote": {
      "inputs": {
        "crane": "crane",
        "flake-compat": "flake-compat",
        "flake-parts": "flake-parts",
        "nixpkgs": [
          "nixpkgs"
        ],
        "pre-commit-hooks-nix": "pre-commit-hooks-nix",
        "rust-overlay": "rust-overlay"
      },
      "locked": {
        "lastModified": 1741442524,
        "narHash": "sha256-tVcxLDLLho8dWcO81Xj/3/ANLdVs0bGyCPyKjp70JWk=",
        "owner": "nix-community",
        "repo": "lanzaboote",
        "rev": "d8099586d9a84308ffedac07880e7f07a0180ff4",
        "type": "github"
      },
      "original": {
        "owner": "nix-community",
        "repo": "lanzaboote",
        "type": "github"
      }
    },
    "nix-doom-emacs-unstraightened": {
      "inputs": {
        "doomemacs": "doomemacs",
        "emacs-overlay": "emacs-overlay",
        "nixpkgs": [],
        "systems": "systems"
      },
      "locked": {
        "lastModified": 1744447024,
        "narHash": "sha256-YzsIVmtDDBu59q1gs460Z37rWSYi5IJO9CpGxx9HM6U=",
        "owner": "marienz",
        "repo": "nix-doom-emacs-unstraightened",
        "rev": "d04fc58ae890f67f13e839c56bb64995248499de",
        "type": "github"
      },
      "original": {
        "owner": "marienz",
        "repo": "nix-doom-emacs-unstraightened",
        "type": "github"
      }
    },
    "nix-index-database": {
      "inputs": {
        "nixpkgs": [
          "nixpkgs"
        ]
      },
      "locked": {
        "lastModified": 1743911143,
        "narHash": "sha256-4j4JPwr0TXHH4ZyorXN5yIcmqIQr0WYacsuPA4ktONo=",
        "owner": "Mic92",
        "repo": "nix-index-database",
        "rev": "a36f6a7148aec2c77d78e4466215cceb2f5f4bfb",
        "type": "github"
      },
      "original": {
        "owner": "Mic92",
        "repo": "nix-index-database",
        "type": "github"
      }
    },
    "nixos-hardware": {
      "locked": {
        "lastModified": 1744366945,
        "narHash": "sha256-OuLhysErPHl53BBifhesrRumJNhrlSgQDfYOTXfgIMg=",
        "owner": "NixOS",
        "repo": "nixos-hardware",
        "rev": "1fe3cc2bc5d2dc9c81cb4e63d2f67c1543340df1",
        "type": "github"
      },
      "original": {
        "owner": "NixOS",
        "ref": "master",
        "repo": "nixos-hardware",
        "type": "github"
      }
    },
    "nixpkgs": {
      "locked": {
        "lastModified": 1744501611,
        "narHash": "sha256-H+Q/R9FKEuuBRjjgwP6GBPfQMA7rzH7UJm/+HSYZm5o=",
        "owner": "NixOS",
        "repo": "nixpkgs",
        "rev": "208645bf60302e4eea10f9b038043205b423de21",
        "type": "github"
      },
      "original": {
        "owner": "NixOS",
        "ref": "nixos-unstable-small",
        "repo": "nixpkgs",
        "type": "github"
      }
    },
    "pre-commit-hooks-nix": {
      "inputs": {
        "flake-compat": [
          "lanzaboote",
          "flake-compat"
        ],
        "gitignore": "gitignore",
        "nixpkgs": [
          "lanzaboote",
          "nixpkgs"
        ]
      },
      "locked": {
        "lastModified": 1740915799,
        "narHash": "sha256-JvQvtaphZNmeeV+IpHgNdiNePsIpHD5U/7QN5AeY44A=",
        "owner": "cachix",
        "repo": "pre-commit-hooks.nix",
        "rev": "42b1ba089d2034d910566bf6b40830af6b8ec732",
        "type": "github"
      },
      "original": {
        "owner": "cachix",
        "repo": "pre-commit-hooks.nix",
        "type": "github"
      }
    },
    "root": {
      "inputs": {
        "darwin": "darwin",
        "home-manager": "home-manager",
        "lanzaboote": "lanzaboote",
        "nix-doom-emacs-unstraightened": "nix-doom-emacs-unstraightened",
        "nix-index-database": "nix-index-database",
        "nixos-hardware": "nixos-hardware",
        "nixpkgs": "nixpkgs",
        "nixpkgsServer": [
          "nixpkgs"
        ],
        "utils": "utils"
      }
    },
    "rust-overlay": {
      "inputs": {
        "nixpkgs": [
          "lanzaboote",
          "nixpkgs"
        ]
      },
      "locked": {
        "lastModified": 1741228283,
        "narHash": "sha256-VzqI+k/eoijLQ5am6rDFDAtFAbw8nltXfLBC6SIEJAE=",
        "owner": "oxalica",
        "repo": "rust-overlay",
        "rev": "38e9826bc4296c9daf18bc1e6aa299f3e932a403",
        "type": "github"
      },
      "original": {
        "owner": "oxalica",
        "repo": "rust-overlay",
        "type": "github"
      }
    },
    "systems": {
      "locked": {
        "lastModified": 1681028828,
        "narHash": "sha256-Vy1rq5AaRuLzOxct8nz4T6wlgyUR7zLU309k9mBC768=",
        "owner": "nix-systems",
        "repo": "default",
        "rev": "da67096a3b9bf56a91d16901293e51ba5b49a27e",
        "type": "github"
      },
      "original": {
        "owner": "nix-systems",
        "repo": "default",
        "type": "github"
      }
    },
    "systems_2": {
      "locked": {
        "lastModified": 1681028828,
        "narHash": "sha256-Vy1rq5AaRuLzOxct8nz4T6wlgyUR7zLU309k9mBC768=",
        "owner": "nix-systems",
        "repo": "default",
        "rev": "da67096a3b9bf56a91d16901293e51ba5b49a27e",
        "type": "github"
      },
      "original": {
        "owner": "nix-systems",
        "repo": "default",
        "type": "github"
      }
    },
    "utils": {
      "inputs": {
        "flake-utils": "flake-utils"
      },
      "locked": {
        "lastModified": 1738591040,
        "narHash": "sha256-4WNeriUToshQ/L5J+dTSWC5OJIwT39SEP7V7oylndi8=",
        "owner": "gytis-ivaskevicius",
        "repo": "flake-utils-plus",
        "rev": "afcb15b845e74ac5e998358709b2b5fe42a948d1",
        "type": "github"
      },
      "original": {
        "owner": "gytis-ivaskevicius",
        "repo": "flake-utils-plus",
        "type": "github"
      }
    }
  },
  "root": "root",
  "version": 7
}
